{
  "originHash" : "e604e96776a0c96eae5c043546aee89f357a4447608eac0408ec34a3731b98ee",
  "pins" : [
    {
      "identity" : "chat-sdk-ios",
      "kind" : "remoteSourceControl",
      "location" : "https://github.com/cometchat/chat-sdk-ios",
      "state" : {
        "revision" : "2a4c8d9995b8d497af981ad9b026d8d7ffac826d",
        "version" : "4.0.61"
      }
    },
    {
      "identity" : "seald-sdk-ios",
      "kind" : "remoteSourceControl",
      "location" : "https://github.com/seald/seald-sdk-ios",
      "state" : {
        "revision" : "ead87705176883deced4963979cfcb81487b1c36",
        "version" : "0.9.0"
      }
    }
  ],
  "version" : 3
}
